// !$*UTF8*$!
{ archiveVersion = 1; classes = {}; objectVersion = 56; objects = {
0386C5EBDAF18B8F28FD9BD4 = { isa = PBXFileReference; lastKnownFileType = sourcecode.swift; path = "FTPUploader/Views/SiteManagementView.swift"; sourceTree = SOURCE_ROOT; };
923BD4C650FEAC9337E3C0E6 = { isa = PBXBuildFile; fileRef = 0386C5EBDAF18B8F28FD9BD4; };
F337466234FBE4FB6996EAF2 = { isa = PBXFileReference; lastKnownFileType = sourcecode.swift; path = "FTPUploaderTests/AuthenticationTests.swift"; sourceTree = SOURCE_ROOT; };
F5F101BE2692E7285F075A02 = { isa = PBXBuildFile; fileRef = F337466234FBE4FB6996EAF2; };
EE18F597F91275F1D8969B0F = { isa = PBXBuildFile; fileRef = CFAA6222972F5EBE628F0378; };
CFAA6222972F5EBE628F0378 = { isa = PBXFileReference; lastKnownFileType = sourcecode.swift; path = "FTPUploaderTests/PasswordTests.swift"; sourceTree = SOURCE_ROOT; };
6998B1EAD1744D59757DFCE1 = { isa = PBXBuildFile; fileRef = 706C635D984B2566379AFF9D; };
72163A3FB33D870FEABC40BA = { isa = PBXBuildFile; fileRef = 706C635D984B2566379AFF9D; };
706C635D984B2566379AFF9D = { isa = PBXFileReference; lastKnownFileType = sourcecode.swift; path = "FTPUploader/Stores/SiteManager.swift"; sourceTree = SOURCE_ROOT; };
F52A1FA99B4CE4FA7B2F158A = { isa = PBXBuildFile; fileRef = E6B66064A0D15B967104620E; };
371DE66A4DFA7689EA1F3043 = { isa = PBXBuildFile; fileRef = E6B66064A0D15B967104620E; };
E6B66064A0D15B967104620E = { isa = PBXFileReference; lastKnownFileType = sourcecode.swift; path = "FTPUploader/Services/PasswordStore.swift"; sourceTree = SOURCE_ROOT; };
0557AF13B8C846B8E00B9AFE = { isa = PBXBuildFile; fileRef = A063EC30DB2AFC0B8399318C; };
A063EC30DB2AFC0B8399318C = { isa = PBXFileReference; lastKnownFileType = sourcecode.swift; path = "FTPUploaderTests/SiteTests.swift"; sourceTree = SOURCE_ROOT; };
11391AF03B5E94B92BC8D2FD = { isa = PBXBuildFile; fileRef = 581C7F28E29B93517BA0EC54; };
ABB7ACCDDC4E3B637CDA4519 = { isa = PBXBuildFile; fileRef = 581C7F28E29B93517BA0EC54; };
581C7F28E29B93517BA0EC54 = { isa = PBXFileReference; lastKnownFileType = sourcecode.swift; path = "FTPUploader/Stores/SiteStore.swift"; sourceTree = SOURCE_ROOT; };
FA9FF288BECDBA52A93809FA = { isa = PBXBuildFile; fileRef = 73B900F40DDDF95D45C4F1B1; };
FDE5D4C58F1DEAA83A56CCD5 = { isa = PBXBuildFile; fileRef = 73B900F40DDDF95D45C4F1B1; };
73B900F40DDDF95D45C4F1B1 = { isa = PBXFileReference; lastKnownFileType = sourcecode.swift; path = "FTPUploader/Models/FTPSite.swift"; sourceTree = SOURCE_ROOT; };
814C160F9A8F4F80A29D613B = { isa = PBXFileReference; lastKnownFileType = folder.assetcatalog; path = "FTPUploader/Assets.xcassets"; sourceTree = SOURCE_ROOT; };
C615BF784FB109310A1BA850 = { isa = PBXFileReference; lastKnownFileType = sourcecode.swift; path = "FTPUploader/App/FTPUploaderApp.swift"; sourceTree = SOURCE_ROOT; };
EAC92FDA663A3E49DB1FD9BC = { isa = PBXFileReference; lastKnownFileType = sourcecode.swift; path = "FTPUploader/Models/FTPEndpoint.swift"; sourceTree = SOURCE_ROOT; };
B190C2BDD41251FDE40B054B = { isa = PBXFileReference; lastKnownFileType = sourcecode.swift; path = "FTPUploader/Models/FTPError.swift"; sourceTree = SOURCE_ROOT; };
F0D7EA63F1373BD5A9BD2967 = { isa = PBXFileReference; lastKnownFileType = sourcecode.swift; path = "FTPUploader/Models/FTPTextEncoding.swift"; sourceTree = SOURCE_ROOT; };
A07300C83E801E4021BBA702 = { isa = PBXFileReference; lastKnownFileType = sourcecode.swift; path = "FTPUploader/Models/RemoteEntry.swift"; sourceTree = SOURCE_ROOT; };
BE52AF6BA7ABFBCA2494BD0D = { isa = PBXFileReference; lastKnownFileType = sourcecode.swift; path = "FTPUploader/Models/RemotePath.swift"; sourceTree = SOURCE_ROOT; };
4D78A907955F39B5924C3477 = { isa = PBXFileReference; lastKnownFileType = sourcecode.swift; path = "FTPUploader/Models/SelectedLocalFile.swift"; sourceTree = SOURCE_ROOT; };
E11127BDA390AD5812B0C112 = { isa = PBXFileReference; lastKnownFileType = text.plist.entitlements; path = "FTPUploader/FTPUploader.entitlements"; sourceTree = SOURCE_ROOT; };
12A30D7FEDAD018194B5F21A = { isa = PBXFileReference; lastKnownFileType = sourcecode.swift; path = "FTPUploader/Services/DirectoryParser.swift"; sourceTree = SOURCE_ROOT; };
5235EC30FF0E27DCCD137EDC = { isa = PBXFileReference; lastKnownFileType = sourcecode.swift; path = "FTPUploader/Services/FTPClient.swift"; sourceTree = SOURCE_ROOT; };
3685AA0298BCFF899463FE14 = { isa = PBXFileReference; lastKnownFileType = sourcecode.swift; path = "FTPUploader/Stores/AppModel.swift"; sourceTree = SOURCE_ROOT; };
1936D85A16BA1A02A548FC77 = { isa = PBXFileReference; lastKnownFileType = sourcecode.c.c; path = "FTPUploader/Support/CurlBridge.c"; sourceTree = SOURCE_ROOT; };
F538DB32FCA61E0FC1141D4D = { isa = PBXFileReference; lastKnownFileType = sourcecode.c.h; path = "FTPUploader/Support/CurlBridge.h"; sourceTree = SOURCE_ROOT; };
5A95FA8BA4D03CB9BF70611E = { isa = PBXFileReference; lastKnownFileType = sourcecode.c.h; path = "FTPUploader/Support/FTPUploader-Bridging-Header.h"; sourceTree = SOURCE_ROOT; };
D5C83EE2A237F1B03C1A3EF7 = { isa = PBXFileReference; lastKnownFileType = sourcecode.swift; path = "FTPUploader/Views/ConnectionView.swift"; sourceTree = SOURCE_ROOT; };
10EB5A877CBC41809AE18C54 = { isa = PBXFileReference; lastKnownFileType = sourcecode.swift; path = "FTPUploader/Views/ContentView.swift"; sourceTree = SOURCE_ROOT; };
FF8A3886508ACCB43C851F95 = { isa = PBXFileReference; lastKnownFileType = sourcecode.swift; path = "FTPUploader/Views/DirectoryView.swift"; sourceTree = SOURCE_ROOT; };
C621D61392FB0330DC79CC63 = { isa = PBXFileReference; lastKnownFileType = sourcecode.swift; path = "FTPUploader/Views/UploadView.swift"; sourceTree = SOURCE_ROOT; };
9844994C57CB69FA6A2DF6A9 = { isa = PBXFileReference; lastKnownFileType = sourcecode.swift; path = "FTPUploaderTests/AppModelTests.swift"; sourceTree = SOURCE_ROOT; };
80ADEBBF5C7CF4CA330E938C = { isa = PBXFileReference; lastKnownFileType = sourcecode.swift; path = "FTPUploaderTests/DirectoryTests.swift"; sourceTree = SOURCE_ROOT; };
537AF36A8A033F8444284BC7 = { isa = PBXFileReference; lastKnownFileType = sourcecode.swift; path = "FTPUploaderTests/EndpointTests.swift"; sourceTree = SOURCE_ROOT; };
B45289FBE3907C6E944A32B2 = { isa = PBXFileReference; lastKnownFileType = sourcecode.swift; path = "FTPUploaderTests/FTPFixture.swift"; sourceTree = SOURCE_ROOT; };
7B0FFC5E3793AA172137DF23 = { isa = PBXFileReference; lastKnownFileType = sourcecode.swift; path = "FTPUploaderTests/SelectedFileTests.swift"; sourceTree = SOURCE_ROOT; };
A33884E58E86C59751670E43 = { isa = PBXFileReference; lastKnownFileType = sourcecode.swift; path = "FTPUploaderTests/UploadTests.swift"; sourceTree = SOURCE_ROOT; };
AA0000000000000000000001 = { isa = PBXFileReference; lastKnownFileType = sourcecode.swift; path = "FTPUploader/Design/DesignTokens.swift"; sourceTree = SOURCE_ROOT; };
AA0000000000000000000002 = { isa = PBXFileReference; lastKnownFileType = sourcecode.swift; path = "FTPUploader/Views/TextDetailsPopover.swift"; sourceTree = SOURCE_ROOT; };
AA0000000000000000000003 = { isa = PBXFileReference; lastKnownFileType = sourcecode.swift; path = "FTPUploader/Models/UploadBarLayout.swift"; sourceTree = SOURCE_ROOT; };
AA0000000000000000000004 = { isa = PBXFileReference; lastKnownFileType = sourcecode.swift; path = "FTPUploader/Models/DirectorySorting.swift"; sourceTree = SOURCE_ROOT; };
AA0000000000000000000005 = { isa = PBXFileReference; lastKnownFileType = sourcecode.swift; path = "FTPUploaderTests/UploadBarLayoutTests.swift"; sourceTree = SOURCE_ROOT; };
AA0000000000000000000006 = { isa = PBXFileReference; lastKnownFileType = sourcecode.swift; path = "FTPUploaderTests/DirectorySortingTests.swift"; sourceTree = SOURCE_ROOT; };
4E783A9E10D2A8ABA38CD11C = { isa = PBXFileReference; explicitFileType = wrapper.application; path = FTPUploader.app; sourceTree = BUILT_PRODUCTS_DIR; };
6C7CCDEB3609F1FAA874E941 = { isa = PBXFileReference; explicitFileType = wrapper.cfbundle; path = FTPUploaderTests.xctest; sourceTree = BUILT_PRODUCTS_DIR; };
EAE9011C23DCA5E5F486AF2D = { isa = PBXGroup; name = FTPUploader; children = (0386C5EBDAF18B8F28FD9BD4,706C635D984B2566379AFF9D,E6B66064A0D15B967104620E,581C7F28E29B93517BA0EC54,73B900F40DDDF95D45C4F1B1,814C160F9A8F4F80A29D613B,C615BF784FB109310A1BA850,EAC92FDA663A3E49DB1FD9BC,B190C2BDD41251FDE40B054B,F0D7EA63F1373BD5A9BD2967,A07300C83E801E4021BBA702,BE52AF6BA7ABFBCA2494BD0D,4D78A907955F39B5924C3477,E11127BDA390AD5812B0C112,12A30D7FEDAD018194B5F21A,5235EC30FF0E27DCCD137EDC,3685AA0298BCFF899463FE14,1936D85A16BA1A02A548FC77,F538DB32FCA61E0FC1141D4D,5A95FA8BA4D03CB9BF70611E,D5C83EE2A237F1B03C1A3EF7,10EB5A877CBC41809AE18C54,FF8A3886508ACCB43C851F95,C621D61392FB0330DC79CC63,AA0000000000000000000001,AA0000000000000000000002,AA0000000000000000000003,AA0000000000000000000004,); sourceTree = "<group>"; };
85C5DB4F40FFFAEAACDDBAA2 = { isa = PBXGroup; name = FTPUploaderTests; children = (F337466234FBE4FB6996EAF2,CFAA6222972F5EBE628F0378,A063EC30DB2AFC0B8399318C,9844994C57CB69FA6A2DF6A9,80ADEBBF5C7CF4CA330E938C,537AF36A8A033F8444284BC7,B45289FBE3907C6E944A32B2,7B0FFC5E3793AA172137DF23,A33884E58E86C59751670E43,AA0000000000000000000005,AA0000000000000000000006,); sourceTree = "<group>"; };
A511EC6FC8BCAFC6B21CD81D = { isa = PBXGroup; name = Products; children = (4E783A9E10D2A8ABA38CD11C,6C7CCDEB3609F1FAA874E941,); sourceTree = "<group>"; };
22EA56DD29576E62BCCCA1AA = { isa = PBXGroup; children = (EAE9011C23DCA5E5F486AF2D,85C5DB4F40FFFAEAACDDBAA2,A511EC6FC8BCAFC6B21CD81D,); sourceTree = "<group>"; };
EA0626C1BC154E818F0987BA = { isa = PBXBuildFile; fileRef = 814C160F9A8F4F80A29D613B; };
63702EB3370E9D6AB1FA339B = { isa = PBXBuildFile; fileRef = C615BF784FB109310A1BA850; };
1B3CA346775ECC31D3EBC898 = { isa = PBXBuildFile; fileRef = EAC92FDA663A3E49DB1FD9BC; };
774F527839F563BC8360B3DB = { isa = PBXBuildFile; fileRef = B190C2BDD41251FDE40B054B; };
C33173C3FE8B0691B1A8B4DE = { isa = PBXBuildFile; fileRef = F0D7EA63F1373BD5A9BD2967; };
1806142CBD4739732E81F8E8 = { isa = PBXBuildFile; fileRef = A07300C83E801E4021BBA702; };
EEBE9323EAA655572962B8F0 = { isa = PBXBuildFile; fileRef = BE52AF6BA7ABFBCA2494BD0D; };
F72DA1B04EE1FA4CA44BD021 = { isa = PBXBuildFile; fileRef = 4D78A907955F39B5924C3477; };
10837E3759BE93FB584C8A43 = { isa = PBXBuildFile; fileRef = 12A30D7FEDAD018194B5F21A; };
754431D5795BAE0D9D45075B = { isa = PBXBuildFile; fileRef = 5235EC30FF0E27DCCD137EDC; };
35571E114E01B697F5060CEE = { isa = PBXBuildFile; fileRef = 3685AA0298BCFF899463FE14; };
6F21C75E7352FA569383A0D5 = { isa = PBXBuildFile; fileRef = 1936D85A16BA1A02A548FC77; };
8AA5CAD562D113210C3A091E = { isa = PBXBuildFile; fileRef = D5C83EE2A237F1B03C1A3EF7; };
4C24C448EC49B6B0D8A3B5DB = { isa = PBXBuildFile; fileRef = 10EB5A877CBC41809AE18C54; };
91620C2DFF54F3DEE20B9A84 = { isa = PBXBuildFile; fileRef = FF8A3886508ACCB43C851F95; };
4522A14DBC64A2DC92D199BA = { isa = PBXBuildFile; fileRef = C621D61392FB0330DC79CC63; };
949D493B91791558E87BC5D7 = { isa = PBXSourcesBuildPhase; buildActionMask = 2147483647; files = (923BD4C650FEAC9337E3C0E6,72163A3FB33D870FEABC40BA,371DE66A4DFA7689EA1F3043,ABB7ACCDDC4E3B637CDA4519,FDE5D4C58F1DEAA83A56CCD5,63702EB3370E9D6AB1FA339B,1B3CA346775ECC31D3EBC898,774F527839F563BC8360B3DB,C33173C3FE8B0691B1A8B4DE,1806142CBD4739732E81F8E8,EEBE9323EAA655572962B8F0,F72DA1B04EE1FA4CA44BD021,10837E3759BE93FB584C8A43,754431D5795BAE0D9D45075B,35571E114E01B697F5060CEE,6F21C75E7352FA569383A0D5,8AA5CAD562D113210C3A091E,4C24C448EC49B6B0D8A3B5DB,91620C2DFF54F3DEE20B9A84,4522A14DBC64A2DC92D199BA,AB0000000000000000000001,AB0000000000000000000002,AB0000000000000000000003,AB0000000000000000000005,); runOnlyForDeploymentPostprocessing = 0; };
BD92572B49AC16A86614498D = { isa = PBXFrameworksBuildPhase; buildActionMask = 2147483647; files = (); runOnlyForDeploymentPostprocessing = 0; };
8ECC8B5D05B79F879ACDF1A2 = { isa = PBXResourcesBuildPhase; buildActionMask = 2147483647; files = (EA0626C1BC154E818F0987BA,); runOnlyForDeploymentPostprocessing = 0; };
63EC78D63022B985006B1250 = { isa = PBXBuildFile; fileRef = EAC92FDA663A3E49DB1FD9BC; };
6C6ECDB9835BFE1EDEF20552 = { isa = PBXBuildFile; fileRef = B190C2BDD41251FDE40B054B; };
0B74FB7795BDA7CE679B2DE5 = { isa = PBXBuildFile; fileRef = F0D7EA63F1373BD5A9BD2967; };
4657C6992C81594FB190E976 = { isa = PBXBuildFile; fileRef = A07300C83E801E4021BBA702; };
87E24EA335228C0EC2CF4E47 = { isa = PBXBuildFile; fileRef = BE52AF6BA7ABFBCA2494BD0D; };
9485012B7E7562BF828983BC = { isa = PBXBuildFile; fileRef = 4D78A907955F39B5924C3477; };
038DD02C4E77FA0B8FDABFDF = { isa = PBXBuildFile; fileRef = 12A30D7FEDAD018194B5F21A; };
C91CF57FE7E715F698556E0A = { isa = PBXBuildFile; fileRef = 5235EC30FF0E27DCCD137EDC; };
BC2007C9CE2BD96759ED0A6C = { isa = PBXBuildFile; fileRef = 3685AA0298BCFF899463FE14; };
B887AECF3D276927CBBE9E7A = { isa = PBXBuildFile; fileRef = 1936D85A16BA1A02A548FC77; };
6894A1F1E09B9D324653A8D6 = { isa = PBXBuildFile; fileRef = 9844994C57CB69FA6A2DF6A9; };
07BE994AD190F4220EE070DE = { isa = PBXBuildFile; fileRef = 80ADEBBF5C7CF4CA330E938C; };
677FE7ABB4EFBB1D6E950440 = { isa = PBXBuildFile; fileRef = 537AF36A8A033F8444284BC7; };
33DBF58321ED5616BF5E7DEA = { isa = PBXBuildFile; fileRef = B45289FBE3907C6E944A32B2; };
FDE041538B8F6DEA899818CD = { isa = PBXBuildFile; fileRef = 7B0FFC5E3793AA172137DF23; };
4AC6A56310D0D8090FA76687 = { isa = PBXBuildFile; fileRef = A33884E58E86C59751670E43; };
AB0000000000000000000001 = { isa = PBXBuildFile; fileRef = AA0000000000000000000001; };
AB0000000000000000000002 = { isa = PBXBuildFile; fileRef = AA0000000000000000000002; };
AB0000000000000000000003 = { isa = PBXBuildFile; fileRef = AA0000000000000000000003; };
AB0000000000000000000004 = { isa = PBXBuildFile; fileRef = AA0000000000000000000003; };
AB0000000000000000000005 = { isa = PBXBuildFile; fileRef = AA0000000000000000000004; };
AB0000000000000000000006 = { isa = PBXBuildFile; fileRef = AA0000000000000000000004; };
AB0000000000000000000007 = { isa = PBXBuildFile; fileRef = AA0000000000000000000005; };
AB0000000000000000000008 = { isa = PBXBuildFile; fileRef = AA0000000000000000000006; };
77A03FEE20FE96AD9384861E = { isa = PBXSourcesBuildPhase; buildActionMask = 2147483647; files = (F5F101BE2692E7285F075A02,EE18F597F91275F1D8969B0F,6998B1EAD1744D59757DFCE1,F52A1FA99B4CE4FA7B2F158A,0557AF13B8C846B8E00B9AFE,11391AF03B5E94B92BC8D2FD,FA9FF288BECDBA52A93809FA,63EC78D63022B985006B1250,6C6ECDB9835BFE1EDEF20552,0B74FB7795BDA7CE679B2DE5,4657C6992C81594FB190E976,87E24EA335228C0EC2CF4E47,9485012B7E7562BF828983BC,038DD02C4E77FA0B8FDABFDF,C91CF57FE7E715F698556E0A,BC2007C9CE2BD96759ED0A6C,B887AECF3D276927CBBE9E7A,6894A1F1E09B9D324653A8D6,07BE994AD190F4220EE070DE,677FE7ABB4EFBB1D6E950440,33DBF58321ED5616BF5E7DEA,FDE041538B8F6DEA899818CD,4AC6A56310D0D8090FA76687,AB0000000000000000000004,AB0000000000000000000006,AB0000000000000000000007,AB0000000000000000000008,); runOnlyForDeploymentPostprocessing = 0; };
E05DB79C430AA1B0BA487AFC = { isa = PBXFrameworksBuildPhase; buildActionMask = 2147483647; files = (); runOnlyForDeploymentPostprocessing = 0; };
D5C76E148680C094C001AC35 = { isa = PBXResourcesBuildPhase; buildActionMask = 2147483647; files = (); runOnlyForDeploymentPostprocessing = 0; };
89E1FD6268CC0F221A2BE178 = { isa = XCBuildConfiguration; name = Debug; buildSettings = { SDKROOT = macosx; MACOSX_DEPLOYMENT_TARGET = 13.0; SWIFT_VERSION = 5.0; CLANG_ENABLE_MODULES = YES; CLANG_ENABLE_OBJC_ARC = YES; CODE_SIGN_STYLE = Manual; CODE_SIGN_IDENTITY = "-"; ENABLE_USER_SCRIPT_SANDBOXING = YES; SWIFT_OPTIMIZATION_LEVEL = "-Onone"; GCC_OPTIMIZATION_LEVEL = 0; ENABLE_TESTABILITY = YES; }; };
E6DE6C99132752C914FEF632 = { isa = XCBuildConfiguration; name = Release; buildSettings = { SDKROOT = macosx; MACOSX_DEPLOYMENT_TARGET = 13.0; SWIFT_VERSION = 5.0; CLANG_ENABLE_MODULES = YES; CLANG_ENABLE_OBJC_ARC = YES; CODE_SIGN_STYLE = Manual; CODE_SIGN_IDENTITY = "-"; ENABLE_USER_SCRIPT_SANDBOXING = YES; SWIFT_OPTIMIZATION_LEVEL = "-O"; GCC_OPTIMIZATION_LEVEL = s; ENABLE_TESTABILITY = NO; }; };
862894B703A6DEDF96A9DD6C = { isa = XCConfigurationList; buildConfigurations = (89E1FD6268CC0F221A2BE178,E6DE6C99132752C914FEF632,); defaultConfigurationIsVisible = 0; defaultConfigurationName = Release; };
E9B2E96ABC5F6856F2BE79CF = { isa = XCBuildConfiguration; name = Debug; buildSettings = { GENERATE_INFOPLIST_FILE = YES; SWIFT_OBJC_BRIDGING_HEADER = "FTPUploader/Support/FTPUploader-Bridging-Header.h"; HEADER_SEARCH_PATHS = "$(SRCROOT)/FTPUploader/Support"; OTHER_LDFLAGS = ("$(inherited)","-lcurl",); LD_RUNPATH_SEARCH_PATHS = ("$(inherited)","@executable_path/../Frameworks","@loader_path/../Frameworks",); PRODUCT_NAME = FTPUploader; ASSETCATALOG_COMPILER_APPICON_NAME = AppIcon; PRODUCT_BUNDLE_IDENTIFIER = local.schoolftpuploader; CODE_SIGN_ENTITLEMENTS = "FTPUploader/FTPUploader.entitlements"; INFOPLIST_KEY_CFBundleDisplayName = "FTP 文件传输"; INFOPLIST_KEY_LSApplicationCategoryType = "public.app-category.utilities"; ENABLE_APP_SANDBOX = YES; CURRENT_PROJECT_VERSION = 1; MARKETING_VERSION = 0.1.0; SWIFT_OPTIMIZATION_LEVEL = "-Onone"; GCC_OPTIMIZATION_LEVEL = 0; ENABLE_TESTABILITY = YES; }; };
5A8C91857F674E16E2724F47 = { isa = XCBuildConfiguration; name = Release; buildSettings = { GENERATE_INFOPLIST_FILE = YES; SWIFT_OBJC_BRIDGING_HEADER = "FTPUploader/Support/FTPUploader-Bridging-Header.h"; HEADER_SEARCH_PATHS = "$(SRCROOT)/FTPUploader/Support"; OTHER_LDFLAGS = ("$(inherited)","-lcurl",); LD_RUNPATH_SEARCH_PATHS = ("$(inherited)","@executable_path/../Frameworks","@loader_path/../Frameworks",); PRODUCT_NAME = FTPUploader; ASSETCATALOG_COMPILER_APPICON_NAME = AppIcon; PRODUCT_BUNDLE_IDENTIFIER = local.schoolftpuploader; CODE_SIGN_ENTITLEMENTS = "FTPUploader/FTPUploader.entitlements"; INFOPLIST_KEY_CFBundleDisplayName = "FTP 文件传输"; INFOPLIST_KEY_LSApplicationCategoryType = "public.app-category.utilities"; ENABLE_APP_SANDBOX = YES; CURRENT_PROJECT_VERSION = 1; MARKETING_VERSION = 0.1.0; SWIFT_OPTIMIZATION_LEVEL = "-O"; GCC_OPTIMIZATION_LEVEL = s; ENABLE_TESTABILITY = NO; }; };
F37922C48DA5978D02C9E50E = { isa = XCConfigurationList; buildConfigurations = (E9B2E96ABC5F6856F2BE79CF,5A8C91857F674E16E2724F47,); defaultConfigurationIsVisible = 0; defaultConfigurationName = Release; };
FCB48D8F88BCDB0ED9FADFD7 = { isa = XCBuildConfiguration; name = Debug; buildSettings = { GENERATE_INFOPLIST_FILE = YES; SWIFT_OBJC_BRIDGING_HEADER = "FTPUploader/Support/FTPUploader-Bridging-Header.h"; HEADER_SEARCH_PATHS = "$(SRCROOT)/FTPUploader/Support"; OTHER_LDFLAGS = ("$(inherited)","-lcurl",); LD_RUNPATH_SEARCH_PATHS = ("$(inherited)","@executable_path/../Frameworks","@loader_path/../Frameworks",); PRODUCT_NAME = FTPUploaderTests; PRODUCT_BUNDLE_IDENTIFIER = local.schoolftpuploader.tests; ENABLE_APP_SANDBOX = NO; MACOSX_DEPLOYMENT_TARGET = 14.0; SWIFT_OPTIMIZATION_LEVEL = "-Onone"; GCC_OPTIMIZATION_LEVEL = 0; ENABLE_TESTABILITY = YES; }; };
942EEBBACD6C88CAE7F29B29 = { isa = XCBuildConfiguration; name = Release; buildSettings = { GENERATE_INFOPLIST_FILE = YES; SWIFT_OBJC_BRIDGING_HEADER = "FTPUploader/Support/FTPUploader-Bridging-Header.h"; HEADER_SEARCH_PATHS = "$(SRCROOT)/FTPUploader/Support"; OTHER_LDFLAGS = ("$(inherited)","-lcurl",); LD_RUNPATH_SEARCH_PATHS = ("$(inherited)","@executable_path/../Frameworks","@loader_path/../Frameworks",); PRODUCT_NAME = FTPUploaderTests; PRODUCT_BUNDLE_IDENTIFIER = local.schoolftpuploader.tests; ENABLE_APP_SANDBOX = NO; MACOSX_DEPLOYMENT_TARGET = 14.0; SWIFT_OPTIMIZATION_LEVEL = "-O"; GCC_OPTIMIZATION_LEVEL = s; ENABLE_TESTABILITY = NO; }; };
BECB265224D91761C05FDA33 = { isa = XCConfigurationList; buildConfigurations = (FCB48D8F88BCDB0ED9FADFD7,942EEBBACD6C88CAE7F29B29,); defaultConfigurationIsVisible = 0; defaultConfigurationName = Release; };
F75109BEB4DD8800DA6B45F8 = { isa = PBXNativeTarget; name = FTPUploader; productName = FTPUploader; productReference = 4E783A9E10D2A8ABA38CD11C; productType = "com.apple.product-type.application"; buildConfigurationList = F37922C48DA5978D02C9E50E; buildPhases = (949D493B91791558E87BC5D7,BD92572B49AC16A86614498D,8ECC8B5D05B79F879ACDF1A2,); buildRules = (); dependencies = (); };
C062A5A4A7F4F37DD90F54CB = { isa = PBXNativeTarget; name = FTPUploaderTests; productName = FTPUploaderTests; productReference = 6C7CCDEB3609F1FAA874E941; productType = "com.apple.product-type.bundle.unit-test"; buildConfigurationList = BECB265224D91761C05FDA33; buildPhases = (77A03FEE20FE96AD9384861E,E05DB79C430AA1B0BA487AFC,D5C76E148680C094C001AC35,); buildRules = (); dependencies = (); };
98F54143AB4E86B28C3AFEE0 = { isa = PBXProject; attributes = { LastUpgradeCheck = 2700; }; buildConfigurationList = 862894B703A6DEDF96A9DD6C; compatibilityVersion = "Xcode 14.0"; developmentRegion = zh-Hans; knownRegions = (en,"zh-Hans",Base); mainGroup = 22EA56DD29576E62BCCCA1AA; productRefGroup = A511EC6FC8BCAFC6B21CD81D; projectDirPath = ""; projectRoot = ""; targets = (F75109BEB4DD8800DA6B45F8,C062A5A4A7F4F37DD90F54CB,); };
}; rootObject = 98F54143AB4E86B28C3AFEE0; }
